
Microsoft Visual Studio Solution File, Format Version 12.00
# Visual Studio Version 17
VisualStudioVersion = 17.8.34004.107
MinimumVisualStudioVersion = 10.0.40219.1
Project("{8BC9CEB8-8B4A-11D0-8D11-00A0C91BC942}") = "GTP-DLL", "GTP-DLL\GTP-DLL.vcxproj", "{8B323497-5EF7-41E7-BC10-45E6B28F3996}"
EndProject
Project("{FAE04EC0-301F-11D3-BF4B-00C04F79EFBC}") = "GTP.NET", "GTP.NET\GTP.NET.csproj", "{06B84EA1-74E5-413F-9555-CB63488A6433}"
EndProject
Global
	GlobalSection(SolutionConfigurationPlatforms) = preSolution
		Debug|Any CPU = Debug|Any CPU
		Debug|x64 = Debug|x64
		Debug|x86 = Debug|x86
		Release|Any CPU = Release|Any CPU
		Release|x64 = Release|x64
		Release|x86 = Release|x86
	EndGlobalSection
	GlobalSection(ProjectConfigurationPlatforms) = postSolution
		{8B323497-5EF7-41E7-BC10-45E6B28F3996}.Debug|Any CPU.ActiveCfg = Debug|x64
		{8B323497-5EF7-41E7-BC10-45E6B28F3996}.Debug|Any CPU.Build.0 = Debug|x64
		{8B323497-5EF7-41E7-BC10-45E6B28F3996}.Debug|x64.ActiveCfg = Debug|x64
		{8B323497-5EF7-41E7-BC10-45E6B28F3996}.Debug|x64.Build.0 = Debug|x64
		{8B323497-5EF7-41E7-BC10-45E6B28F3996}.Debug|x86.ActiveCfg = Debug|Win32
		{8B323497-5EF7-41E7-BC10-45E6B28F3996}.Debug|x86.Build.0 = Debug|Win32
		{8B323497-5EF7-41E7-BC10-45E6B28F3996}.Release|Any CPU.ActiveCfg = Release|x64
		{8B323497-5EF7-41E7-BC10-45E6B28F3996}.Release|Any CPU.Build.0 = Release|x64
		{8B323497-5EF7-41E7-BC10-45E6B28F3996}.Release|x64.ActiveCfg = Release|x64
		{8B323497-5EF7-41E7-BC10-45E6B28F3996}.Release|x64.Build.0 = Release|x64
		{8B323497-5EF7-41E7-BC10-45E6B28F3996}.Release|x86.ActiveCfg = Release|Win32
		{8B323497-5EF7-41E7-BC10-45E6B28F3996}.Release|x86.Build.0 = Release|Win32
		{06B84EA1-74E5-413F-9555-CB63488A6433}.Debug|Any CPU.ActiveCfg = Debug|Any CPU
		{06B84EA1-74E5-413F-9555-CB63488A6433}.Debug|Any CPU.Build.0 = Debug|Any CPU
		{06B84EA1-74E5-413F-9555-CB63488A6433}.Debug|x64.ActiveCfg = Debug|Any CPU
		{06B84EA1-74E5-413F-9555-CB63488A6433}.Debug|x64.Build.0 = Debug|Any CPU
		{06B84EA1-74E5-413F-9555-CB63488A6433}.Debug|x86.ActiveCfg = Debug|Any CPU
		{06B84EA1-74E5-413F-9555-CB63488A6433}.Debug|x86.Build.0 = Debug|Any CPU
		{06B84EA1-74E5-413F-9555-CB63488A6433}.Release|Any CPU.ActiveCfg = Release|Any CPU
		{06B84EA1-74E5-413F-9555-CB63488A6433}.Release|Any CPU.Build.0 = Release|Any CPU
		{06B84EA1-74E5-413F-9555-CB63488A6433}.Release|x64.ActiveCfg = Release|Any CPU
		{06B84EA1-74E5-413F-9555-CB63488A6433}.Release|x64.Build.0 = Release|Any CPU
		{06B84EA1-74E5-413F-9555-CB63488A6433}.Release|x86.ActiveCfg = Release|Any CPU
		{06B84EA1-74E5-413F-9555-CB63488A6433}.Release|x86.Build.0 = Release|Any CPU
	EndGlobalSection
	GlobalSection(SolutionProperties) = preSolution
		HideSolutionNode = FALSE
	EndGlobalSection
	GlobalSection(ExtensibilityGlobals) = postSolution
		SolutionGuid = {9E6475B5-6A3B-4107-8C11-965FE0967313}
	EndGlobalSection
EndGlobal
